
Microsoft Visual Studio Solution File, Format Version 12.00
# Visual Studio Version 16
VisualStudioVersion = 16.0.28803.202
MinimumVisualStudioVersion = 10.0.40219.1
Project("{9A19103F-16F7-4668-BE54-9A1E7A4F7556}") = "Strain", "Strain.csproj", "{D05D58C4-668F-4B20-89AF-E67F56ECD468}"
EndProject
Global
	GlobalSection(SolutionConfigurationPlatforms) = preSolution
		Debug|Any CPU = Debug|Any CPU
		Release|Any CPU = Release|Any CPU
	EndGlobalSection
	GlobalSection(ProjectConfigurationPlatforms) = postSolution
		{D05D58C4-668F-4B20-89AF-E67F56ECD468}.Debug|Any CPU.ActiveCfg = Debug|Any CPU
		{D05D58C4-668F-4B20-89AF-E67F56ECD468}.Debug|Any CPU.Build.0 = Debug|Any CPU
		{D05D58C4-668F-4B20-89AF-E67F56ECD468}.Release|Any CPU.ActiveCfg = Release|Any CPU
		{D05D58C4-668F-4B20-89AF-E67F56ECD468}.Release|Any CPU.Build.0 = Release|Any CPU
	EndGlobalSection
	GlobalSection(SolutionProperties) = preSolution
		HideSolutionNode = FALSE
	EndGlobalSection
	GlobalSection(ExtensibilityGlobals) = postSolution
		SolutionGuid = {29B7EA20-FAA2-4CAA-BEEE-F3C0B999786F}
	EndGlobalSection
EndGlobal
