
Microsoft Visual Studio Solution File, Format Version 12.00
# Visual Studio 15
VisualStudioVersion = 15.0.28307.539
MinimumVisualStudioVersion = 10.0.40219.1
Project("{9A19103F-16F7-4668-BE54-9A1E7A4F7556}") = "ArmstrongNumbers", "ArmstrongNumbers.csproj", "{1FCE29B5-E599-426F-888C-26CB4C3DAD1A}"
EndProject
Global
	GlobalSection(SolutionConfigurationPlatforms) = preSolution
		Debug|Any CPU = Debug|Any CPU
		Release|Any CPU = Release|Any CPU
	EndGlobalSection
	GlobalSection(ProjectConfigurationPlatforms) = postSolution
		{1FCE29B5-E599-426F-888C-26CB4C3DAD1A}.Debug|Any CPU.ActiveCfg = Debug|Any CPU
		{1FCE29B5-E599-426F-888C-26CB4C3DAD1A}.Debug|Any CPU.Build.0 = Debug|Any CPU
		{1FCE29B5-E599-426F-888C-26CB4C3DAD1A}.Release|Any CPU.ActiveCfg = Release|Any CPU
		{1FCE29B5-E599-426F-888C-26CB4C3DAD1A}.Release|Any CPU.Build.0 = Release|Any CPU
	EndGlobalSection
	GlobalSection(SolutionProperties) = preSolution
		HideSolutionNode = FALSE
	EndGlobalSection
	GlobalSection(ExtensibilityGlobals) = postSolution
		SolutionGuid = {7DC37C6E-1064-4D68-BF0C-44809DE34C20}
	EndGlobalSection
EndGlobal
