
Microsoft Visual Studio Solution File, Format Version 12.00
# Visual Studio Version 16
VisualStudioVersion = 16.0.28803.202
MinimumVisualStudioVersion = 10.0.40219.1
Project("{9A19103F-16F7-4668-BE54-9A1E7A4F7556}") = "Proverb", "Proverb.csproj", "{B53AD460-A840-44EB-8EF2-4CFD301B8E69}"
EndProject
Global
	GlobalSection(SolutionConfigurationPlatforms) = preSolution
		Debug|Any CPU = Debug|Any CPU
		Release|Any CPU = Release|Any CPU
	EndGlobalSection
	GlobalSection(ProjectConfigurationPlatforms) = postSolution
		{B53AD460-A840-44EB-8EF2-4CFD301B8E69}.Debug|Any CPU.ActiveCfg = Debug|Any CPU
		{B53AD460-A840-44EB-8EF2-4CFD301B8E69}.Debug|Any CPU.Build.0 = Debug|Any CPU
		{B53AD460-A840-44EB-8EF2-4CFD301B8E69}.Release|Any CPU.ActiveCfg = Release|Any CPU
		{B53AD460-A840-44EB-8EF2-4CFD301B8E69}.Release|Any CPU.Build.0 = Release|Any CPU
	EndGlobalSection
	GlobalSection(SolutionProperties) = preSolution
		HideSolutionNode = FALSE
	EndGlobalSection
	GlobalSection(ExtensibilityGlobals) = postSolution
		SolutionGuid = {8AFAE5C8-57E3-42FE-95EB-1D320CF605D1}
	EndGlobalSection
EndGlobal
