
Microsoft Visual Studio Solution File, Format Version 12.00
# Visual Studio Version 16
VisualStudioVersion = 16.0.29001.49
MinimumVisualStudioVersion = 10.0.40219.1
Project("{9A19103F-16F7-4668-BE54-9A1E7A4F7556}") = "AllYourBase", "AllYourBase.csproj", "{3E09077D-D89D-4796-8505-B277503AB330}"
EndProject
Global
	GlobalSection(SolutionConfigurationPlatforms) = preSolution
		Debug|Any CPU = Debug|Any CPU
		Release|Any CPU = Release|Any CPU
	EndGlobalSection
	GlobalSection(ProjectConfigurationPlatforms) = postSolution
		{3E09077D-D89D-4796-8505-B277503AB330}.Debug|Any CPU.ActiveCfg = Debug|Any CPU
		{3E09077D-D89D-4796-8505-B277503AB330}.Debug|Any CPU.Build.0 = Debug|Any CPU
		{3E09077D-D89D-4796-8505-B277503AB330}.Release|Any CPU.ActiveCfg = Release|Any CPU
		{3E09077D-D89D-4796-8505-B277503AB330}.Release|Any CPU.Build.0 = Release|Any CPU
	EndGlobalSection
	GlobalSection(SolutionProperties) = preSolution
		HideSolutionNode = FALSE
	EndGlobalSection
	GlobalSection(ExtensibilityGlobals) = postSolution
		SolutionGuid = {E95ED595-CC1A-4912-8ABA-7642FE031FB6}
	EndGlobalSection
EndGlobal
