
Microsoft Visual Studio Solution File, Format Version 12.00
# Visual Studio Version 16
VisualStudioVersion = 16.0.29418.71
MinimumVisualStudioVersion = 10.0.40219.1
Project("{9A19103F-16F7-4668-BE54-9A1E7A4F7556}") = "SpiralMatrix", "SpiralMatrix.csproj", "{4D66569E-7275-4D42-BCF4-8BC32FA64842}"
EndProject
Global
	GlobalSection(SolutionConfigurationPlatforms) = preSolution
		Debug|Any CPU = Debug|Any CPU
		Release|Any CPU = Release|Any CPU
	EndGlobalSection
	GlobalSection(ProjectConfigurationPlatforms) = postSolution
		{4D66569E-7275-4D42-BCF4-8BC32FA64842}.Debug|Any CPU.ActiveCfg = Debug|Any CPU
		{4D66569E-7275-4D42-BCF4-8BC32FA64842}.Debug|Any CPU.Build.0 = Debug|Any CPU
		{4D66569E-7275-4D42-BCF4-8BC32FA64842}.Release|Any CPU.ActiveCfg = Release|Any CPU
		{4D66569E-7275-4D42-BCF4-8BC32FA64842}.Release|Any CPU.Build.0 = Release|Any CPU
	EndGlobalSection
	GlobalSection(SolutionProperties) = preSolution
		HideSolutionNode = FALSE
	EndGlobalSection
	GlobalSection(ExtensibilityGlobals) = postSolution
		SolutionGuid = {9A483376-1712-4A1B-A67D-6C7F9842C460}
	EndGlobalSection
EndGlobal
