
Microsoft Visual Studio Solution File, Format Version 12.00
# Visual Studio 15
VisualStudioVersion = 15.0.28307.572
MinimumVisualStudioVersion = 10.0.40219.1
Project("{9A19103F-16F7-4668-BE54-9A1E7A4F7556}") = "NucleotideCount", "NucleotideCount.csproj", "{0B8E9B7C-A515-449A-9DFC-9027948FD8BA}"
EndProject
Global
	GlobalSection(SolutionConfigurationPlatforms) = preSolution
		Debug|Any CPU = Debug|Any CPU
		Release|Any CPU = Release|Any CPU
	EndGlobalSection
	GlobalSection(ProjectConfigurationPlatforms) = postSolution
		{0B8E9B7C-A515-449A-9DFC-9027948FD8BA}.Debug|Any CPU.ActiveCfg = Debug|Any CPU
		{0B8E9B7C-A515-449A-9DFC-9027948FD8BA}.Debug|Any CPU.Build.0 = Debug|Any CPU
		{0B8E9B7C-A515-449A-9DFC-9027948FD8BA}.Release|Any CPU.ActiveCfg = Release|Any CPU
		{0B8E9B7C-A515-449A-9DFC-9027948FD8BA}.Release|Any CPU.Build.0 = Release|Any CPU
	EndGlobalSection
	GlobalSection(SolutionProperties) = preSolution
		HideSolutionNode = FALSE
	EndGlobalSection
	GlobalSection(ExtensibilityGlobals) = postSolution
		SolutionGuid = {7D6C289A-36DA-43E9-A1D9-8E7582440FF2}
	EndGlobalSection
EndGlobal
