
Microsoft Visual Studio Solution File, Format Version 12.00
# Visual Studio 15
VisualStudioVersion = 15.0.28307.421
MinimumVisualStudioVersion = 10.0.40219.1
Project("{9A19103F-16F7-4668-BE54-9A1E7A4F7556}") = "Acronym", "Acronym.csproj", "{2CAB1F9B-98C2-4FA0-9990-098274615FFC}"
EndProject
Global
	GlobalSection(SolutionConfigurationPlatforms) = preSolution
		Debug|Any CPU = Debug|Any CPU
		Release|Any CPU = Release|Any CPU
	EndGlobalSection
	GlobalSection(ProjectConfigurationPlatforms) = postSolution
		{2CAB1F9B-98C2-4FA0-9990-098274615FFC}.Debug|Any CPU.ActiveCfg = Debug|Any CPU
		{2CAB1F9B-98C2-4FA0-9990-098274615FFC}.Debug|Any CPU.Build.0 = Debug|Any CPU
		{2CAB1F9B-98C2-4FA0-9990-098274615FFC}.Release|Any CPU.ActiveCfg = Release|Any CPU
		{2CAB1F9B-98C2-4FA0-9990-098274615FFC}.Release|Any CPU.Build.0 = Release|Any CPU
	EndGlobalSection
	GlobalSection(SolutionProperties) = preSolution
		HideSolutionNode = FALSE
	EndGlobalSection
	GlobalSection(ExtensibilityGlobals) = postSolution
		SolutionGuid = {CC8A933B-2BA5-447E-9239-9D19FDCE902A}
	EndGlobalSection
EndGlobal
