
Microsoft Visual Studio Solution File, Format Version 12.00
# Visual Studio Version 16
VisualStudioVersion = 16.0.29009.5
MinimumVisualStudioVersion = 10.0.40219.1
Project("{9A19103F-16F7-4668-BE54-9A1E7A4F7556}") = "Bob", "Bob.csproj", "{B6866480-0EDC-484A-8F3C-A8288AB95651}"
EndProject
Global
	GlobalSection(SolutionConfigurationPlatforms) = preSolution
		Debug|Any CPU = Debug|Any CPU
		Release|Any CPU = Release|Any CPU
	EndGlobalSection
	GlobalSection(ProjectConfigurationPlatforms) = postSolution
		{B6866480-0EDC-484A-8F3C-A8288AB95651}.Debug|Any CPU.ActiveCfg = Debug|Any CPU
		{B6866480-0EDC-484A-8F3C-A8288AB95651}.Debug|Any CPU.Build.0 = Debug|Any CPU
		{B6866480-0EDC-484A-8F3C-A8288AB95651}.Release|Any CPU.ActiveCfg = Release|Any CPU
		{B6866480-0EDC-484A-8F3C-A8288AB95651}.Release|Any CPU.Build.0 = Release|Any CPU
	EndGlobalSection
	GlobalSection(SolutionProperties) = preSolution
		HideSolutionNode = FALSE
	EndGlobalSection
	GlobalSection(ExtensibilityGlobals) = postSolution
		SolutionGuid = {B3FC3132-6A60-430B-99D0-E814D7680D0C}
	EndGlobalSection
EndGlobal
