
Microsoft Visual Studio Solution File, Format Version 12.00
# Visual Studio Version 16
VisualStudioVersion = 16.0.28803.202
MinimumVisualStudioVersion = 10.0.40219.1
Project("{9A19103F-16F7-4668-BE54-9A1E7A4F7556}") = "Triangle", "Triangle.csproj", "{811EC05B-934F-4E60-A540-818494949D32}"
EndProject
Global
	GlobalSection(SolutionConfigurationPlatforms) = preSolution
		Debug|Any CPU = Debug|Any CPU
		Release|Any CPU = Release|Any CPU
	EndGlobalSection
	GlobalSection(ProjectConfigurationPlatforms) = postSolution
		{811EC05B-934F-4E60-A540-818494949D32}.Debug|Any CPU.ActiveCfg = Debug|Any CPU
		{811EC05B-934F-4E60-A540-818494949D32}.Debug|Any CPU.Build.0 = Debug|Any CPU
		{811EC05B-934F-4E60-A540-818494949D32}.Release|Any CPU.ActiveCfg = Release|Any CPU
		{811EC05B-934F-4E60-A540-818494949D32}.Release|Any CPU.Build.0 = Release|Any CPU
	EndGlobalSection
	GlobalSection(SolutionProperties) = preSolution
		HideSolutionNode = FALSE
	EndGlobalSection
	GlobalSection(ExtensibilityGlobals) = postSolution
		SolutionGuid = {BDB2562B-A1E0-4CF6-AA52-B60A9FBD901F}
	EndGlobalSection
EndGlobal
