
Microsoft Visual Studio Solution File, Format Version 12.00
# Visual Studio Version 16
VisualStudioVersion = 16.0.30611.23
MinimumVisualStudioVersion = 10.0.40219.1
Project("{FAE04EC0-301F-11D3-BF4B-00C04F79EFBC}") = "XFDataBinding.UWP", "XFDataBinding\XFDataBinding.UWP\XFDataBinding.UWP.csproj", "{44032089-F6E8-4385-821D-C2857643EC65}"
EndProject
Project("{FAE04EC0-301F-11D3-BF4B-00C04F79EFBC}") = "XFDataBinding.Android", "XFDataBinding\XFDataBinding.Android\XFDataBinding.Android.csproj", "{3D41EC5B-F5B7-4746-91A9-7B39D9AA89E8}"
EndProject
Project("{FAE04EC0-301F-11D3-BF4B-00C04F79EFBC}") = "XFDataBinding.iOS", "XFDataBinding\XFDataBinding.iOS\XFDataBinding.iOS.csproj", "{54C5A564-5448-4F50-9767-3AC9482DC129}"
EndProject
Project("{FAE04EC0-301F-11D3-BF4B-00C04F79EFBC}") = "XFDataBinding", "XFDataBinding\XFDataBinding\XFDataBinding.csproj", "{1D8D634C-74CC-4C72-9921-BC5545F46F3F}"
EndProject
Global
	GlobalSection(SolutionConfigurationPlatforms) = preSolution
		Debug|Any CPU = Debug|Any CPU
		Debug|ARM = Debug|ARM
		Debug|iPhone = Debug|iPhone
		Debug|iPhoneSimulator = Debug|iPhoneSimulator
		Debug|x64 = Debug|x64
		Debug|x86 = Debug|x86
		Release|Any CPU = Release|Any CPU
		Release|ARM = Release|ARM
		Release|iPhone = Release|iPhone
		Release|iPhoneSimulator = Release|iPhoneSimulator
		Release|x64 = Release|x64
		Release|x86 = Release|x86
	EndGlobalSection
	GlobalSection(ProjectConfigurationPlatforms) = postSolution
		{44032089-F6E8-4385-821D-C2857643EC65}.Debug|Any CPU.ActiveCfg = Debug|x86
		{44032089-F6E8-4385-821D-C2857643EC65}.Debug|Any CPU.Build.0 = Debug|x86
		{44032089-F6E8-4385-821D-C2857643EC65}.Debug|Any CPU.Deploy.0 = Debug|x86
		{44032089-F6E8-4385-821D-C2857643EC65}.Debug|ARM.ActiveCfg = Debug|ARM
		{44032089-F6E8-4385-821D-C2857643EC65}.Debug|ARM.Build.0 = Debug|ARM
		{44032089-F6E8-4385-821D-C2857643EC65}.Debug|ARM.Deploy.0 = Debug|ARM
		{44032089-F6E8-4385-821D-C2857643EC65}.Debug|iPhone.ActiveCfg = Debug|x86
		{44032089-F6E8-4385-821D-C2857643EC65}.Debug|iPhone.Build.0 = Debug|x86
		{44032089-F6E8-4385-821D-C2857643EC65}.Debug|iPhone.Deploy.0 = Debug|x86
		{44032089-F6E8-4385-821D-C2857643EC65}.Debug|iPhoneSimulator.ActiveCfg = Debug|x86
		{44032089-F6E8-4385-821D-C2857643EC65}.Debug|iPhoneSimulator.Build.0 = Debug|x86
		{44032089-F6E8-4385-821D-C2857643EC65}.Debug|iPhoneSimulator.Deploy.0 = Debug|x86
		{44032089-F6E8-4385-821D-C2857643EC65}.Debug|x64.ActiveCfg = Debug|x64
		{44032089-F6E8-4385-821D-C2857643EC65}.Debug|x64.Build.0 = Debug|x64
		{44032089-F6E8-4385-821D-C2857643EC65}.Debug|x64.Deploy.0 = Debug|x64
		{44032089-F6E8-4385-821D-C2857643EC65}.Debug|x86.ActiveCfg = Debug|x86
		{44032089-F6E8-4385-821D-C2857643EC65}.Debug|x86.Build.0 = Debug|x86
		{44032089-F6E8-4385-821D-C2857643EC65}.Debug|x86.Deploy.0 = Debug|x86
		{44032089-F6E8-4385-821D-C2857643EC65}.Release|Any CPU.ActiveCfg = Release|x86
		{44032089-F6E8-4385-821D-C2857643EC65}.Release|Any CPU.Build.0 = Release|x86
		{44032089-F6E8-4385-821D-C2857643EC65}.Release|Any CPU.Deploy.0 = Release|x86
		{44032089-F6E8-4385-821D-C2857643EC65}.Release|ARM.ActiveCfg = Release|ARM
		{44032089-F6E8-4385-821D-C2857643EC65}.Release|ARM.Build.0 = Release|ARM
		{44032089-F6E8-4385-821D-C2857643EC65}.Release|ARM.Deploy.0 = Release|ARM
		{44032089-F6E8-4385-821D-C2857643EC65}.Release|iPhone.ActiveCfg = Release|x86
		{44032089-F6E8-4385-821D-C2857643EC65}.Release|iPhone.Build.0 = Release|x86
		{44032089-F6E8-4385-821D-C2857643EC65}.Release|iPhone.Deploy.0 = Release|x86
		{44032089-F6E8-4385-821D-C2857643EC65}.Release|iPhoneSimulator.ActiveCfg = Release|x86
		{44032089-F6E8-4385-821D-C2857643EC65}.Release|iPhoneSimulator.Build.0 = Release|x86
		{44032089-F6E8-4385-821D-C2857643EC65}.Release|iPhoneSimulator.Deploy.0 = Release|x86
		{44032089-F6E8-4385-821D-C2857643EC65}.Release|x64.ActiveCfg = Release|x64
		{44032089-F6E8-4385-821D-C2857643EC65}.Release|x64.Build.0 = Release|x64
		{44032089-F6E8-4385-821D-C2857643EC65}.Release|x64.Deploy.0 = Release|x64
		{44032089-F6E8-4385-821D-C2857643EC65}.Release|x86.ActiveCfg = Release|x86
		{44032089-F6E8-4385-821D-C2857643EC65}.Release|x86.Build.0 = Release|x86
		{44032089-F6E8-4385-821D-C2857643EC65}.Release|x86.Deploy.0 = Release|x86
		{3D41EC5B-F5B7-4746-91A9-7B39D9AA89E8}.Debug|Any CPU.ActiveCfg = Debug|Any CPU
		{3D41EC5B-F5B7-4746-91A9-7B39D9AA89E8}.Debug|Any CPU.Build.0 = Debug|Any CPU
		{3D41EC5B-F5B7-4746-91A9-7B39D9AA89E8}.Debug|Any CPU.Deploy.0 = Debug|Any CPU
		{3D41EC5B-F5B7-4746-91A9-7B39D9AA89E8}.Debug|ARM.ActiveCfg = Debug|Any CPU
		{3D41EC5B-F5B7-4746-91A9-7B39D9AA89E8}.Debug|ARM.Build.0 = Debug|Any CPU
		{3D41EC5B-F5B7-4746-91A9-7B39D9AA89E8}.Debug|ARM.Deploy.0 = Debug|Any CPU
		{3D41EC5B-F5B7-4746-91A9-7B39D9AA89E8}.Debug|iPhone.ActiveCfg = Debug|Any CPU
		{3D41EC5B-F5B7-4746-91A9-7B39D9AA89E8}.Debug|iPhone.Build.0 = Debug|Any CPU
		{3D41EC5B-F5B7-4746-91A9-7B39D9AA89E8}.Debug|iPhone.Deploy.0 = Debug|Any CPU
		{3D41EC5B-F5B7-4746-91A9-7B39D9AA89E8}.Debug|iPhoneSimulator.ActiveCfg = Debug|Any CPU
		{3D41EC5B-F5B7-4746-91A9-7B39D9AA89E8}.Debug|iPhoneSimulator.Build.0 = Debug|Any CPU
		{3D41EC5B-F5B7-4746-91A9-7B39D9AA89E8}.Debug|iPhoneSimulator.Deploy.0 = Debug|Any CPU
		{3D41EC5B-F5B7-4746-91A9-7B39D9AA89E8}.Debug|x64.ActiveCfg = Debug|Any CPU
		{3D41EC5B-F5B7-4746-91A9-7B39D9AA89E8}.Debug|x64.Build.0 = Debug|Any CPU
		{3D41EC5B-F5B7-4746-91A9-7B39D9AA89E8}.Debug|x64.Deploy.0 = Debug|Any CPU
		{3D41EC5B-F5B7-4746-91A9-7B39D9AA89E8}.Debug|x86.ActiveCfg = Debug|Any CPU
		{3D41EC5B-F5B7-4746-91A9-7B39D9AA89E8}.Debug|x86.Build.0 = Debug|Any CPU
		{3D41EC5B-F5B7-4746-91A9-7B39D9AA89E8}.Debug|x86.Deploy.0 = Debug|Any CPU
		{3D41EC5B-F5B7-4746-91A9-7B39D9AA89E8}.Release|Any CPU.ActiveCfg = Release|Any CPU
		{3D41EC5B-F5B7-4746-91A9-7B39D9AA89E8}.Release|Any CPU.Build.0 = Release|Any CPU
		{3D41EC5B-F5B7-4746-91A9-7B39D9AA89E8}.Release|Any CPU.Deploy.0 = Release|Any CPU
		{3D41EC5B-F5B7-4746-91A9-7B39D9AA89E8}.Release|ARM.ActiveCfg = Release|Any CPU
		{3D41EC5B-F5B7-4746-91A9-7B39D9AA89E8}.Release|ARM.Build.0 = Release|Any CPU
		{3D41EC5B-F5B7-4746-91A9-7B39D9AA89E8}.Release|ARM.Deploy.0 = Release|Any CPU
		{3D41EC5B-F5B7-4746-91A9-7B39D9AA89E8}.Release|iPhone.ActiveCfg = Release|Any CPU
		{3D41EC5B-F5B7-4746-91A9-7B39D9AA89E8}.Release|iPhone.Build.0 = Release|Any CPU
		{3D41EC5B-F5B7-4746-91A9-7B39D9AA89E8}.Release|iPhone.Deploy.0 = Release|Any CPU
		{3D41EC5B-F5B7-4746-91A9-7B39D9AA89E8}.Release|iPhoneSimulator.ActiveCfg = Release|Any CPU
		{3D41EC5B-F5B7-4746-91A9-7B39D9AA89E8}.Release|iPhoneSimulator.Build.0 = Release|Any CPU
		{3D41EC5B-F5B7-4746-91A9-7B39D9AA89E8}.Release|iPhoneSimulator.Deploy.0 = Release|Any CPU
		{3D41EC5B-F5B7-4746-91A9-7B39D9AA89E8}.Release|x64.ActiveCfg = Release|Any CPU
		{3D41EC5B-F5B7-4746-91A9-7B39D9AA89E8}.Release|x64.Build.0 = Release|Any CPU
		{3D41EC5B-F5B7-4746-91A9-7B39D9AA89E8}.Release|x64.Deploy.0 = Release|Any CPU
		{3D41EC5B-F5B7-4746-91A9-7B39D9AA89E8}.Release|x86.ActiveCfg = Release|Any CPU
		{3D41EC5B-F5B7-4746-91A9-7B39D9AA89E8}.Release|x86.Build.0 = Release|Any CPU
		{3D41EC5B-F5B7-4746-91A9-7B39D9AA89E8}.Release|x86.Deploy.0 = Release|Any CPU
		{54C5A564-5448-4F50-9767-3AC9482DC129}.Debug|Any CPU.ActiveCfg = Debug|iPhoneSimulator
		{54C5A564-5448-4F50-9767-3AC9482DC129}.Debug|Any CPU.Build.0 = Debug|iPhoneSimulator
		{54C5A564-5448-4F50-9767-3AC9482DC129}.Debug|Any CPU.Deploy.0 = Debug|iPhoneSimulator
		{54C5A564-5448-4F50-9767-3AC9482DC129}.Debug|ARM.ActiveCfg = Debug|iPhone
		{54C5A564-5448-4F50-9767-3AC9482DC129}.Debug|ARM.Build.0 = Debug|iPhone
		{54C5A564-5448-4F50-9767-3AC9482DC129}.Debug|ARM.Deploy.0 = Debug|iPhone
		{54C5A564-5448-4F50-9767-3AC9482DC129}.Debug|iPhone.ActiveCfg = Debug|iPhone
		{54C5A564-5448-4F50-9767-3AC9482DC129}.Debug|iPhone.Build.0 = Debug|iPhone
		{54C5A564-5448-4F50-9767-3AC9482DC129}.Debug|iPhone.Deploy.0 = Debug|iPhone
		{54C5A564-5448-4F50-9767-3AC9482DC129}.Debug|iPhoneSimulator.ActiveCfg = Debug|iPhoneSimulator
		{54C5A564-5448-4F50-9767-3AC9482DC129}.Debug|iPhoneSimulator.Build.0 = Debug|iPhoneSimulator
		{54C5A564-5448-4F50-9767-3AC9482DC129}.Debug|iPhoneSimulator.Deploy.0 = Debug|iPhoneSimulator
		{54C5A564-5448-4F50-9767-3AC9482DC129}.Debug|x64.ActiveCfg = Debug|iPhoneSimulator
		{54C5A564-5448-4F50-9767-3AC9482DC129}.Debug|x64.Build.0 = Debug|iPhoneSimulator
		{54C5A564-5448-4F50-9767-3AC9482DC129}.Debug|x64.Deploy.0 = Debug|iPhoneSimulator
		{54C5A564-5448-4F50-9767-3AC9482DC129}.Debug|x86.ActiveCfg = Debug|iPhoneSimulator
		{54C5A564-5448-4F50-9767-3AC9482DC129}.Debug|x86.Build.0 = Debug|iPhoneSimulator
		{54C5A564-5448-4F50-9767-3AC9482DC129}.Debug|x86.Deploy.0 = Debug|iPhoneSimulator
		{54C5A564-5448-4F50-9767-3AC9482DC129}.Release|Any CPU.ActiveCfg = Release|iPhoneSimulator
		{54C5A564-5448-4F50-9767-3AC9482DC129}.Release|Any CPU.Build.0 = Release|iPhoneSimulator
		{54C5A564-5448-4F50-9767-3AC9482DC129}.Release|Any CPU.Deploy.0 = Release|iPhoneSimulator
		{54C5A564-5448-4F50-9767-3AC9482DC129}.Release|ARM.ActiveCfg = Release|iPhoneSimulator
		{54C5A564-5448-4F50-9767-3AC9482DC129}.Release|ARM.Build.0 = Release|iPhoneSimulator
		{54C5A564-5448-4F50-9767-3AC9482DC129}.Release|ARM.Deploy.0 = Release|iPhoneSimulator
		{54C5A564-5448-4F50-9767-3AC9482DC129}.Release|iPhone.ActiveCfg = Release|iPhone
		{54C5A564-5448-4F50-9767-3AC9482DC129}.Release|iPhone.Build.0 = Release|iPhone
		{54C5A564-5448-4F50-9767-3AC9482DC129}.Release|iPhone.Deploy.0 = Release|iPhone
		{54C5A564-5448-4F50-9767-3AC9482DC129}.Release|iPhoneSimulator.ActiveCfg = Release|iPhoneSimulator
		{54C5A564-5448-4F50-9767-3AC9482DC129}.Release|iPhoneSimulator.Build.0 = Release|iPhoneSimulator
		{54C5A564-5448-4F50-9767-3AC9482DC129}.Release|iPhoneSimulator.Deploy.0 = Release|iPhoneSimulator
		{54C5A564-5448-4F50-9767-3AC9482DC129}.Release|x64.ActiveCfg = Release|iPhoneSimulator
		{54C5A564-5448-4F50-9767-3AC9482DC129}.Release|x64.Build.0 = Release|iPhoneSimulator
		{54C5A564-5448-4F50-9767-3AC9482DC129}.Release|x64.Deploy.0 = Release|iPhoneSimulator
		{54C5A564-5448-4F50-9767-3AC9482DC129}.Release|x86.ActiveCfg = Release|iPhoneSimulator
		{54C5A564-5448-4F50-9767-3AC9482DC129}.Release|x86.Build.0 = Release|iPhoneSimulator
		{54C5A564-5448-4F50-9767-3AC9482DC129}.Release|x86.Deploy.0 = Release|iPhoneSimulator
		{1D8D634C-74CC-4C72-9921-BC5545F46F3F}.Debug|Any CPU.ActiveCfg = Debug|Any CPU
		{1D8D634C-74CC-4C72-9921-BC5545F46F3F}.Debug|Any CPU.Build.0 = Debug|Any CPU
		{1D8D634C-74CC-4C72-9921-BC5545F46F3F}.Debug|Any CPU.Deploy.0 = Debug|Any CPU
		{1D8D634C-74CC-4C72-9921-BC5545F46F3F}.Debug|ARM.ActiveCfg = Debug|Any CPU
		{1D8D634C-74CC-4C72-9921-BC5545F46F3F}.Debug|ARM.Build.0 = Debug|Any CPU
		{1D8D634C-74CC-4C72-9921-BC5545F46F3F}.Debug|ARM.Deploy.0 = Debug|Any CPU
		{1D8D634C-74CC-4C72-9921-BC5545F46F3F}.Debug|iPhone.ActiveCfg = Debug|Any CPU
		{1D8D634C-74CC-4C72-9921-BC5545F46F3F}.Debug|iPhone.Build.0 = Debug|Any CPU
		{1D8D634C-74CC-4C72-9921-BC5545F46F3F}.Debug|iPhone.Deploy.0 = Debug|Any CPU
		{1D8D634C-74CC-4C72-9921-BC5545F46F3F}.Debug|iPhoneSimulator.ActiveCfg = Debug|Any CPU
		{1D8D634C-74CC-4C72-9921-BC5545F46F3F}.Debug|iPhoneSimulator.Build.0 = Debug|Any CPU
		{1D8D634C-74CC-4C72-9921-BC5545F46F3F}.Debug|iPhoneSimulator.Deploy.0 = Debug|Any CPU
		{1D8D634C-74CC-4C72-9921-BC5545F46F3F}.Debug|x64.ActiveCfg = Debug|Any CPU
		{1D8D634C-74CC-4C72-9921-BC5545F46F3F}.Debug|x64.Build.0 = Debug|Any CPU
		{1D8D634C-74CC-4C72-9921-BC5545F46F3F}.Debug|x64.Deploy.0 = Debug|Any CPU
		{1D8D634C-74CC-4C72-9921-BC5545F46F3F}.Debug|x86.ActiveCfg = Debug|Any CPU
		{1D8D634C-74CC-4C72-9921-BC5545F46F3F}.Debug|x86.Build.0 = Debug|Any CPU
		{1D8D634C-74CC-4C72-9921-BC5545F46F3F}.Debug|x86.Deploy.0 = Debug|Any CPU
		{1D8D634C-74CC-4C72-9921-BC5545F46F3F}.Release|Any CPU.ActiveCfg = Release|Any CPU
		{1D8D634C-74CC-4C72-9921-BC5545F46F3F}.Release|Any CPU.Build.0 = Release|Any CPU
		{1D8D634C-74CC-4C72-9921-BC5545F46F3F}.Release|Any CPU.Deploy.0 = Release|Any CPU
		{1D8D634C-74CC-4C72-9921-BC5545F46F3F}.Release|ARM.ActiveCfg = Release|Any CPU
		{1D8D634C-74CC-4C72-9921-BC5545F46F3F}.Release|ARM.Build.0 = Release|Any CPU
		{1D8D634C-74CC-4C72-9921-BC5545F46F3F}.Release|ARM.Deploy.0 = Release|Any CPU
		{1D8D634C-74CC-4C72-9921-BC5545F46F3F}.Release|iPhone.ActiveCfg = Release|Any CPU
		{1D8D634C-74CC-4C72-9921-BC5545F46F3F}.Release|iPhone.Build.0 = Release|Any CPU
		{1D8D634C-74CC-4C72-9921-BC5545F46F3F}.Release|iPhone.Deploy.0 = Release|Any CPU
		{1D8D634C-74CC-4C72-9921-BC5545F46F3F}.Release|iPhoneSimulator.ActiveCfg = Release|Any CPU
		{1D8D634C-74CC-4C72-9921-BC5545F46F3F}.Release|iPhoneSimulator.Build.0 = Release|Any CPU
		{1D8D634C-74CC-4C72-9921-BC5545F46F3F}.Release|iPhoneSimulator.Deploy.0 = Release|Any CPU
		{1D8D634C-74CC-4C72-9921-BC5545F46F3F}.Release|x64.ActiveCfg = Release|Any CPU
		{1D8D634C-74CC-4C72-9921-BC5545F46F3F}.Release|x64.Build.0 = Release|Any CPU
		{1D8D634C-74CC-4C72-9921-BC5545F46F3F}.Release|x64.Deploy.0 = Release|Any CPU
		{1D8D634C-74CC-4C72-9921-BC5545F46F3F}.Release|x86.ActiveCfg = Release|Any CPU
		{1D8D634C-74CC-4C72-9921-BC5545F46F3F}.Release|x86.Build.0 = Release|Any CPU
		{1D8D634C-74CC-4C72-9921-BC5545F46F3F}.Release|x86.Deploy.0 = Release|Any CPU
	EndGlobalSection
	GlobalSection(SolutionProperties) = preSolution
		HideSolutionNode = FALSE
	EndGlobalSection
	GlobalSection(ExtensibilityGlobals) = postSolution
		SolutionGuid = {78DDC0CA-16EB-4236-B7DA-037649F41F79}
	EndGlobalSection
EndGlobal
