
Microsoft Visual Studio Solution File, Format Version 12.00
# Visual Studio Version 16
VisualStudioVersion = 16.0.28803.452
MinimumVisualStudioVersion = 10.0.40219.1
Project("{9A19103F-16F7-4668-BE54-9A1E7A4F7556}") = "CircularBuffer", "CircularBuffer.csproj", "{58961C2E-6F82-4A9F-AB45-70413E7E4146}"
EndProject
Global
	GlobalSection(SolutionConfigurationPlatforms) = preSolution
		Debug|Any CPU = Debug|Any CPU
		Release|Any CPU = Release|Any CPU
	EndGlobalSection
	GlobalSection(ProjectConfigurationPlatforms) = postSolution
		{58961C2E-6F82-4A9F-AB45-70413E7E4146}.Debug|Any CPU.ActiveCfg = Debug|Any CPU
		{58961C2E-6F82-4A9F-AB45-70413E7E4146}.Debug|Any CPU.Build.0 = Debug|Any CPU
		{58961C2E-6F82-4A9F-AB45-70413E7E4146}.Release|Any CPU.ActiveCfg = Release|Any CPU
		{58961C2E-6F82-4A9F-AB45-70413E7E4146}.Release|Any CPU.Build.0 = Release|Any CPU
	EndGlobalSection
	GlobalSection(SolutionProperties) = preSolution
		HideSolutionNode = FALSE
	EndGlobalSection
	GlobalSection(ExtensibilityGlobals) = postSolution
		SolutionGuid = {EBA8CFBF-CA70-49C0-AE47-F44F3A830942}
	EndGlobalSection
EndGlobal
