
Microsoft Visual Studio Solution File, Format Version 12.00
# Visual Studio 15
VisualStudioVersion = 15.0.28307.539
MinimumVisualStudioVersion = 10.0.40219.1
Project("{9A19103F-16F7-4668-BE54-9A1E7A4F7556}") = "Series", "Series.csproj", "{81D777B8-6E82-41D4-8079-4A281E333309}"
EndProject
Global
	GlobalSection(SolutionConfigurationPlatforms) = preSolution
		Debug|Any CPU = Debug|Any CPU
		Release|Any CPU = Release|Any CPU
	EndGlobalSection
	GlobalSection(ProjectConfigurationPlatforms) = postSolution
		{81D777B8-6E82-41D4-8079-4A281E333309}.Debug|Any CPU.ActiveCfg = Debug|Any CPU
		{81D777B8-6E82-41D4-8079-4A281E333309}.Debug|Any CPU.Build.0 = Debug|Any CPU
		{81D777B8-6E82-41D4-8079-4A281E333309}.Release|Any CPU.ActiveCfg = Release|Any CPU
		{81D777B8-6E82-41D4-8079-4A281E333309}.Release|Any CPU.Build.0 = Release|Any CPU
	EndGlobalSection
	GlobalSection(SolutionProperties) = preSolution
		HideSolutionNode = FALSE
	EndGlobalSection
	GlobalSection(ExtensibilityGlobals) = postSolution
		SolutionGuid = {A4DE6E7B-E204-4F78-BAE3-B28AFC87DF1F}
	EndGlobalSection
EndGlobal
