
Microsoft Visual Studio Solution File, Format Version 12.00
# Visual Studio Version 16
VisualStudioVersion = 16.0.28803.202
MinimumVisualStudioVersion = 10.0.40219.1
Project("{9A19103F-16F7-4668-BE54-9A1E7A4F7556}") = "RationalNumbers", "RationalNumbers.csproj", "{549F8888-F749-4DE2-9891-BD71728989D8}"
EndProject
Global
	GlobalSection(SolutionConfigurationPlatforms) = preSolution
		Debug|Any CPU = Debug|Any CPU
		Release|Any CPU = Release|Any CPU
	EndGlobalSection
	GlobalSection(ProjectConfigurationPlatforms) = postSolution
		{549F8888-F749-4DE2-9891-BD71728989D8}.Debug|Any CPU.ActiveCfg = Debug|Any CPU
		{549F8888-F749-4DE2-9891-BD71728989D8}.Debug|Any CPU.Build.0 = Debug|Any CPU
		{549F8888-F749-4DE2-9891-BD71728989D8}.Release|Any CPU.ActiveCfg = Release|Any CPU
		{549F8888-F749-4DE2-9891-BD71728989D8}.Release|Any CPU.Build.0 = Release|Any CPU
	EndGlobalSection
	GlobalSection(SolutionProperties) = preSolution
		HideSolutionNode = FALSE
	EndGlobalSection
	GlobalSection(ExtensibilityGlobals) = postSolution
		SolutionGuid = {81A1D805-41A0-457D-ADE6-69C7EF2389FF}
	EndGlobalSection
EndGlobal
