
Microsoft Visual Studio Solution File, Format Version 12.00
# Visual Studio Version 16
VisualStudioVersion = 16.0.29409.12
MinimumVisualStudioVersion = 10.0.40219.1
Project("{9A19103F-16F7-4668-BE54-9A1E7A4F7556}") = "House", "House.csproj", "{6E117F55-E327-47F8-8447-B8801E3600E1}"
EndProject
Global
	GlobalSection(SolutionConfigurationPlatforms) = preSolution
		Debug|Any CPU = Debug|Any CPU
		Release|Any CPU = Release|Any CPU
	EndGlobalSection
	GlobalSection(ProjectConfigurationPlatforms) = postSolution
		{6E117F55-E327-47F8-8447-B8801E3600E1}.Debug|Any CPU.ActiveCfg = Debug|Any CPU
		{6E117F55-E327-47F8-8447-B8801E3600E1}.Debug|Any CPU.Build.0 = Debug|Any CPU
		{6E117F55-E327-47F8-8447-B8801E3600E1}.Release|Any CPU.ActiveCfg = Release|Any CPU
		{6E117F55-E327-47F8-8447-B8801E3600E1}.Release|Any CPU.Build.0 = Release|Any CPU
	EndGlobalSection
	GlobalSection(SolutionProperties) = preSolution
		HideSolutionNode = FALSE
	EndGlobalSection
	GlobalSection(ExtensibilityGlobals) = postSolution
		SolutionGuid = {22D4B0AB-6554-4FBD-B856-AAC23E35CEDF}
	EndGlobalSection
EndGlobal
