
Microsoft Visual Studio Solution File, Format Version 12.00
# Visual Studio Version 16
VisualStudioVersion = 16.0.28803.156
MinimumVisualStudioVersion = 10.0.40219.1
Project("{9A19103F-16F7-4668-BE54-9A1E7A4F7556}") = "DifferenceOfSquares", "DifferenceOfSquares.csproj", "{C50A403E-1290-4ABE-AD69-0DE7274A55FA}"
EndProject
Global
	GlobalSection(SolutionConfigurationPlatforms) = preSolution
		Debug|Any CPU = Debug|Any CPU
		Release|Any CPU = Release|Any CPU
	EndGlobalSection
	GlobalSection(ProjectConfigurationPlatforms) = postSolution
		{C50A403E-1290-4ABE-AD69-0DE7274A55FA}.Debug|Any CPU.ActiveCfg = Debug|Any CPU
		{C50A403E-1290-4ABE-AD69-0DE7274A55FA}.Debug|Any CPU.Build.0 = Debug|Any CPU
		{C50A403E-1290-4ABE-AD69-0DE7274A55FA}.Release|Any CPU.ActiveCfg = Release|Any CPU
		{C50A403E-1290-4ABE-AD69-0DE7274A55FA}.Release|Any CPU.Build.0 = Release|Any CPU
	EndGlobalSection
	GlobalSection(SolutionProperties) = preSolution
		HideSolutionNode = FALSE
	EndGlobalSection
	GlobalSection(ExtensibilityGlobals) = postSolution
		SolutionGuid = {159FDC47-05E7-4C4F-9229-7A0C7D7FC024}
	EndGlobalSection
EndGlobal
